github.com/blocky/nitrite v0.0.1 h1:pw3sZWFu5ADubW5JOUI5WM1JJSZZqyGTwn/nMR12DEM=
github.com/blocky/nitrite v0.0.1/go.mod h1:Ava0jYckAHUqLIeROgFXzqlWJFdf/SdknIDrgmwOhB4=
github.com/davecgh/go-spew v1.1.1 h1:vj9j/u1bqnvCEfJOwUhtlOARqs3+rkHYY13jYWTU97c=
github.com/davecgh/go-spew v1.1.1/go.mod h1:J7Y8YcW2NihsgmVo/mv3lAwl/skON4iLHjSsI+c5H38=
github.com/edgelesssys/ego v1.5.2 h1:DC8H073Z49rGT/0aom1yGOHDVtv2PnTX/9HZlB0Fdv8=
github.com/edgelesssys/ego v1.5.2/go.mod h1:TLwP4eAy38XUWuV2E71OYX18RAv4ZJpaLEWQFS751t0=
github.com/fxamacker/cbor/v2 v2.4.0 h1:ri0ArlOR+5XunOP8CRUowT0pSJOwhW098ZCUyskZD88=
github.com/fxamacker/cbor/v2 v2.4.0/go.mod h1:TA1xS00nchWmaBnEIxPSE5oHLuJBAVvqrtAnWBwBCVo=
github.com/google/go-cmp v0.6.0 h1:ofyhxvXcZhMsU5ulbFiLKl/XBFqE1GSq7atu8tAmTRI=
github.com/google/go-cmp v0.6.0/go.mod h1:17dUlkBOakJ0+DkrSSNjCkIjxS6bF9zb3elmeNGIjoY=
github.com/pmezard/go-difflib v1.0.0 h1:4DBwDE0NGyQoBHbLQYPwSUPoCMWR5BEzIk/f1lZbAQM=
github.com/pmezard/go-difflib v1.0.0/go.mod h1:iKH77koFhYxTK1pcRnkKkqfTogsbg7gZNVY4sRDYZ/4=
github.com/rs/cors v1.10.1 h1:L0uuZVXIKlI1SShY2nhFfo44TYvDPQ1w4oFkUJNfhyo=
github.com/rs/cors v1.10.1/go.mod h1:XyqrcTp5zjWr1wsJ8PIRZssZ8b/WMcMf71DJnit4EMU=
github.com/stretchr/testify v1.9.0 h1:HtqpIVDClZ4nwg75+f6Lvsy/wHu+3BoSGCbBAcpTsTg=
github.com/stretchr/testify v1.9.0/go.mod h1:r2ic/lqez/lEtzL7wO/rwa5dbSLXVDPFyf8C91i36aY=
github.com/tetratelabs/wazero v1.6.0 h1:z0H1iikCdP8t+q341xqepY4EWvHEw8Es7tlqiVzlP3g=
github.com/tetratelabs/wazero v1.6.0/go.mod h1:0U0G41+ochRKoPKCJlh0jMg1CHkyfK8kDqiirMmKY8A=
github.com/x448/float16 v0.8.4 h1:qLwI1I70+NjRFUR3zs1JPUCgaCXSh3SW62uAKT1mSBM=
github.com/x448/float16 v0.8.4/go.mod h1:14CWIYCyZA/cWjXOioeEpHeN/83MdbZDRQHoFcYsOfg=
github.com/zkportal/aleo-oracle-encoding v1.0.0-rc0 h1:M/h0C8D+4MVzOy9S2DpVknPnrgiXTEoHwsk5V91KweA=
github.com/zkportal/aleo-oracle-encoding v1.0.0-rc0/go.mod h1:3lQt4/FaUitZoOSjsZpEGpXfwIGaWdBx8bHaroes5EA=
github.com/zkportal/aleo-oracle-encoding v1.0.0-rc0.0.20240527134258-bec489067f1c h1:W3jJ0clm0yJTZmr0MHGjDPNgqoYkyrdyBZBFET5P8kA=
github.com/zkportal/aleo-oracle-encoding v1.0.0-rc0.0.20240527134258-bec489067f1c/go.mod h1:3lQt4/FaUitZoOSjsZpEGpXfwIGaWdBx8bHaroes5EA=
github.com/zkportal/aleo-oracle-encoding v1.0.0 h1:TCkx9ez3I/jySU45kYxCnFd2Ya42E93lMO/NH7rmpbw=
github.com/zkportal/aleo-oracle-encoding v1.0.0/go.mod h1:3lQt4/FaUitZoOSjsZpEGpXfwIGaWdBx8bHaroes5EA=
github.com/zkportal/aleo-utils-go v1.0.0-rc0 h1:MdAEeNzY7hy+9Ka5sP7UvML/rwkbAnzG4nm5y+7hRrw=
github.com/zkportal/aleo-utils-go v1.0.0-rc0/go.mod h1:90ELIfCQHkxTxMtzkqZepJ06q1+Sg7B6g8tl1nu7pGw=
golang.org/x/crypto v0.23.0 h1:dIJU/v2J8Mdglj/8rJ6UUOM3Zc9zLZxVZwwxMooUSAI=
golang.org/x/crypto v0.23.0/go.mod h1:CKFgDieR+mRhux2Lsu27y0fO304Db0wZe70UKqHu0v8=
gopkg.in/square/go-jose.v2 v2.6.0 h1:NGk74WTnPKBNUhNzQX7PYcTLUjoq7mzKk2OKbvwk2iI=
gopkg.in/square/go-jose.v2 v2.6.0/go.mod h1:M9dMgbHiYLoDGQrXy7OpJDJWiKiU//h+vD76mk0e1AI=
gopkg.in/yaml.v3 v3.0.1 h1:fxVm/GzAzEWqLHuvctI91KS9hhNmmWOoWu0XTYJS7CA=
gopkg.in/yaml.v3 v3.0.1/go.mod h1:K4uyk7z7BCEPqu6E+C64Yfv1cQ7kz7rIZviUmN+EgEM=
